
Microsoft Visual Studio Solution File, Format Version 12.00
# Visual Studio Version 16
VisualStudioVersion = 16.0.29418.71
MinimumVisualStudioVersion = 10.0.40219.1
Project("{9A19103F-16F7-4668-BE54-9A1E7A4F7556}") = "Arcus.DevOps.Templates.Tests.Unit", "Arcus.DevOps.Templates.Tests.Unit\Arcus.DevOps.Templates.Tests.Unit.csproj", "{C50F051A-C151-4EE3-8FD0-97C8FA123A07}"
EndProject
Project("{9A19103F-16F7-4668-BE54-9A1E7A4F7556}") = "Arcus.DevOps.Templates.Tests.Integration", "Arcus.DevOps.Templates.Tests.Integration\Arcus.DevOps.Templates.Tests.Integration.csproj", "{8C2EEABD-606F-45B6-B334-086C28AFF3C7}"
EndProject
Project("{FAE04EC0-301F-11D3-BF4B-00C04F79EFBC}") = "Arcus.DevOps.Templates", "Arcus.DevOps.Templates\Arcus.DevOps.Templates.csproj", "{5F6823DD-A25F-4C98-91A5-44DE98991D71}"
EndProject
Global
	GlobalSection(SolutionConfigurationPlatforms) = preSolution
		Debug|Any CPU = Debug|Any CPU
		Release|Any CPU = Release|Any CPU
	EndGlobalSection
	GlobalSection(ProjectConfigurationPlatforms) = postSolution
		{C50F051A-C151-4EE3-8FD0-97C8FA123A07}.Debug|Any CPU.ActiveCfg = Debug|Any CPU
		{C50F051A-C151-4EE3-8FD0-97C8FA123A07}.Debug|Any CPU.Build.0 = Debug|Any CPU
		{C50F051A-C151-4EE3-8FD0-97C8FA123A07}.Release|Any CPU.ActiveCfg = Release|Any CPU
		{C50F051A-C151-4EE3-8FD0-97C8FA123A07}.Release|Any CPU.Build.0 = Release|Any CPU
		{8C2EEABD-606F-45B6-B334-086C28AFF3C7}.Debug|Any CPU.ActiveCfg = Debug|Any CPU
		{8C2EEABD-606F-45B6-B334-086C28AFF3C7}.Debug|Any CPU.Build.0 = Debug|Any CPU
		{8C2EEABD-606F-45B6-B334-086C28AFF3C7}.Release|Any CPU.ActiveCfg = Release|Any CPU
		{8C2EEABD-606F-45B6-B334-086C28AFF3C7}.Release|Any CPU.Build.0 = Release|Any CPU
		{5F6823DD-A25F-4C98-91A5-44DE98991D71}.Debug|Any CPU.ActiveCfg = Debug|Any CPU
		{5F6823DD-A25F-4C98-91A5-44DE98991D71}.Debug|Any CPU.Build.0 = Debug|Any CPU
		{5F6823DD-A25F-4C98-91A5-44DE98991D71}.Release|Any CPU.ActiveCfg = Release|Any CPU
		{5F6823DD-A25F-4C98-91A5-44DE98991D71}.Release|Any CPU.Build.0 = Release|Any CPU
	EndGlobalSection
	GlobalSection(SolutionProperties) = preSolution
		HideSolutionNode = FALSE
	EndGlobalSection
	GlobalSection(ExtensibilityGlobals) = postSolution
		SolutionGuid = {E0E69B97-6AC7-439F-80BF-6A510A03A04E}
	EndGlobalSection
EndGlobal
